
Microsoft Visual Studio Solution File, Format Version 12.00
# Visual Studio Version 17
VisualStudioVersion = 17.14.36015.10 d17.14
MinimumVisualStudioVersion = 10.0.40219.1
Project("{FAE04EC0-301F-11D3-BF4B-00C04F79EFBC}") = "TVGameQuiz.API", "TVGameQuizAPI_NET9\TVGameQuiz.API.csproj", "{59CC406A-A255-95FE-A58C-14F954AB8163}"
EndProject
Global
	GlobalSection(SolutionConfigurationPlatforms) = preSolution
		Debug|Any CPU = Debug|Any CPU
		Release|Any CPU = Release|Any CPU
	EndGlobalSection
	GlobalSection(ProjectConfigurationPlatforms) = postSolution
		{59CC406A-A255-95FE-A58C-14F954AB8163}.Debug|Any CPU.ActiveCfg = Debug|Any CPU
		{59CC406A-A255-95FE-A58C-14F954AB8163}.Debug|Any CPU.Build.0 = Debug|Any CPU
		{59CC406A-A255-95FE-A58C-14F954AB8163}.Release|Any CPU.ActiveCfg = Release|Any CPU
		{59CC406A-A255-95FE-A58C-14F954AB8163}.Release|Any CPU.Build.0 = Release|Any CPU
	EndGlobalSection
	GlobalSection(SolutionProperties) = preSolution
		HideSolutionNode = FALSE
	EndGlobalSection
	GlobalSection(ExtensibilityGlobals) = postSolution
		SolutionGuid = {F6C86A41-67DB-4A0D-B77E-7545BB301880}
	EndGlobalSection
EndGlobal
